
Microsoft Visual Studio Solution File, Format Version 12.00
# Visual Studio Version 16
VisualStudioVersion = 16.0.30413.136
MinimumVisualStudioVersion = 10.0.40219.1
Project("{8BC9CEB8-8B4A-11D0-8D11-00A0C91BC942}") = "Pokemon Battle Simulator", "Pokemon Battle Simulator\Pokemon Battle Simulator.vcxproj", "{0BC320A5-0DA8-4D31-9376-4E724E7414CF}"
EndProject
Global
	GlobalSection(SolutionConfigurationPlatforms) = preSolution
		Debug|x64 = Debug|x64
		Debug|x86 = Debug|x86
		Release|x64 = Release|x64
		Release|x86 = Release|x86
	EndGlobalSection
	GlobalSection(ProjectConfigurationPlatforms) = postSolution
		{0BC320A5-0DA8-4D31-9376-4E724E7414CF}.Debug|x64.ActiveCfg = Debug|x64
		{0BC320A5-0DA8-4D31-9376-4E724E7414CF}.Debug|x64.Build.0 = Debug|x64
		{0BC320A5-0DA8-4D31-9376-4E724E7414CF}.Debug|x86.ActiveCfg = Debug|Win32
		{0BC320A5-0DA8-4D31-9376-4E724E7414CF}.Debug|x86.Build.0 = Debug|Win32
		{0BC320A5-0DA8-4D31-9376-4E724E7414CF}.Release|x64.ActiveCfg = Release|x64
		{0BC320A5-0DA8-4D31-9376-4E724E7414CF}.Release|x64.Build.0 = Release|x64
		{0BC320A5-0DA8-4D31-9376-4E724E7414CF}.Release|x86.ActiveCfg = Release|Win32
		{0BC320A5-0DA8-4D31-9376-4E724E7414CF}.Release|x86.Build.0 = Release|Win32
	EndGlobalSection
	GlobalSection(SolutionProperties) = preSolution
		HideSolutionNode = FALSE
	EndGlobalSection
	GlobalSection(ExtensibilityGlobals) = postSolution
		SolutionGuid = {522ADD7C-6303-4DC3-9339-EE699CE8ED21}
	EndGlobalSection
EndGlobal
